// !$*UTF8*$!
{
	archiveVersion = 1;
	classes = {
	};
	objectVersion = 50;
	objects = {

/* Begin PBXBuildFile section */
		F5223DF425502836008E079D /* TestApplicationApp.swift in Sources */ = {isa = PBXBuildFile; fileRef = F5223DF325502836008E079D /* TestApplicationApp.swift */; };
		F5223DF625502836008E079D /* ContentView.swift in Sources */ = {isa = PBXBuildFile; fileRef = F5223DF525502836008E079D /* ContentView.swift */; };
		F5223DF825502836008E079D /* Assets.xcassets in Resources */ = {isa = PBXBuildFile; fileRef = F5223DF725502836008E079D /* Assets.xcassets */; };
		F5223DFB25502836008E079D /* Preview Assets.xcassets in Resources */ = {isa = PBXBuildFile; fileRef = F5223DFA25502836008E079D /* Preview Assets.xcassets */; };
		F5223E0525502C9C008E079D /* NetworkService.swift in Sources */ = {isa = PBXBuildFile; fileRef = F5223E0425502C9C008E079D /* NetworkService.swift */; };
		F5223E0925502CB2008E079D /* NetworkDataFetcher.swift in Sources */ = {isa = PBXBuildFile; fileRef = F5223E0825502CB2008E079D /* NetworkDataFetcher.swift */; };
		F5223E0C25502E75008E079D /* DataFetcher.swift in Sources */ = {isa = PBXBuildFile; fileRef = F5223E0B25502E75008E079D /* DataFetcher.swift */; };
		F5223E1425502EBA008E079D /* ModelAuthor.swift in Sources */ = {isa = PBXBuildFile; fileRef = F5223E1325502EBA008E079D /* ModelAuthor.swift */; };
		F5223E1725502FE3008E079D /* AuthorsGetService.swift in Sources */ = {isa = PBXBuildFile; fileRef = F5223E1625502FE3008E079D /* AuthorsGetService.swift */; };
		F5223E1B255076D9008E079D /* SearchBar.swift in Sources */ = {isa = PBXBuildFile; fileRef = F5223E1A255076D9008E079D /* SearchBar.swift */; };
		F5223E2025507B82008E079D /* SearchBar.swift in Sources */ = {isa = PBXBuildFile; fileRef = F5223E1F25507B82008E079D /* SearchBar.swift */; };
/* End PBXBuildFile section */

/* Begin PBXFileReference section */
		F5223DF025502836008E079D /* TestApplication.app */ = {isa = PBXFileReference; explicitFileType = wrapper.application; includeInIndex = 0; path = TestApplication.app; sourceTree = BUILT_PRODUCTS_DIR; };
		F5223DF325502836008E079D /* TestApplicationApp.swift */ = {isa = PBXFileReference; lastKnownFileType = sourcecode.swift; path = TestApplicationApp.swift; sourceTree = "<group>"; };
		F5223DF525502836008E079D /* ContentView.swift */ = {isa = PBXFileReference; lastKnownFileType = sourcecode.swift; path = ContentView.swift; sourceTree = "<group>"; };
		F5223DF725502836008E079D /* Assets.xcassets */ = {isa = PBXFileReference; lastKnownFileType = folder.assetcatalog; path = Assets.xcassets; sourceTree = "<group>"; };
		F5223DFA25502836008E079D /* Preview Assets.xcassets */ = {isa = PBXFileReference; lastKnownFileType = folder.assetcatalog; path = "Preview Assets.xcassets"; sourceTree = "<group>"; };
		F5223DFC25502836008E079D /* Info.plist */ = {isa = PBXFileReference; lastKnownFileType = text.plist.xml; path = Info.plist; sourceTree = "<group>"; };
		F5223E0425502C9C008E079D /* NetworkService.swift */ = {isa = PBXFileReference; lastKnownFileType = sourcecode.swift; path = NetworkService.swift; sourceTree = "<group>"; };
		F5223E0825502CB2008E079D /* NetworkDataFetcher.swift */ = {isa = PBXFileReference; lastKnownFileType = sourcecode.swift; path = NetworkDataFetcher.swift; sourceTree = "<group>"; };
		F5223E0B25502E75008E079D /* DataFetcher.swift */ = {isa = PBXFileReference; lastKnownFileType = sourcecode.swift; path = DataFetcher.swift; sourceTree = "<group>"; };
		F5223E1325502EBA008E079D /* ModelAuthor.swift */ = {isa = PBXFileReference; lastKnownFileType = sourcecode.swift; path = ModelAuthor.swift; sourceTree = "<group>"; };
		F5223E1625502FE3008E079D /* AuthorsGetService.swift */ = {isa = PBXFileReference; lastKnownFileType = sourcecode.swift; path = AuthorsGetService.swift; sourceTree = "<group>"; };
		F5223E1A255076D9008E079D /* SearchBar.swift */ = {isa = PBXFileReference; lastKnownFileType = sourcecode.swift; path = SearchBar.swift; sourceTree = "<group>"; };
		F5223E1F25507B82008E079D /* SearchBar.swift */ = {isa = PBXFileReference; lastKnownFileType = sourcecode.swift; path = SearchBar.swift; sourceTree = "<group>"; };
/* End PBXFileReference section */

/* Begin PBXFrameworksBuildPhase section */
		F5223DED25502836008E079D /* Frameworks */ = {
			isa = PBXFrameworksBuildPhase;
			buildActionMask = 2147483647;
			files = (
			);
			runOnlyForDeploymentPostprocessing = 0;
		};
/* End PBXFrameworksBuildPhase section */

/* Begin PBXGroup section */
		F5223DE725502835008E079D = {
			isa = PBXGroup;
			children = (
				F5223DF225502836008E079D /* TestApplication */,
				F5223DF125502836008E079D /* Products */,
			);
			sourceTree = "<group>";
		};
		F5223DF125502836008E079D /* Products */ = {
			isa = PBXGroup;
			children = (
				F5223DF025502836008E079D /* TestApplication.app */,
			);
			name = Products;
			sourceTree = "<group>";
		};
		F5223DF225502836008E079D /* TestApplication */ = {
			isa = PBXGroup;
			children = (
				F5223E1225502EA7008E079D /* Models */,
				F5223E0325502C12008E079D /* NetworkServices */,
				F5223DF325502836008E079D /* TestApplicationApp.swift */,
				F5223E1E25507B64008E079D /* ElementsInterface */,
				F5223E19255076C1008E079D /* Views */,
				F5223DF725502836008E079D /* Assets.xcassets */,
				F5223DFC25502836008E079D /* Info.plist */,
				F5223DF925502836008E079D /* Preview Content */,
			);
			path = TestApplication;
			sourceTree = "<group>";
		};
		F5223DF925502836008E079D /* Preview Content */ = {
			isa = PBXGroup;
			children = (
				F5223DFA25502836008E079D /* Preview Assets.xcassets */,
			);
			path = "Preview Content";
			sourceTree = "<group>";
		};
		F5223E0325502C12008E079D /* NetworkServices */ = {
			isa = PBXGroup;
			children = (
				F5223E0425502C9C008E079D /* NetworkService.swift */,
				F5223E0825502CB2008E079D /* NetworkDataFetcher.swift */,
				F5223E0B25502E75008E079D /* DataFetcher.swift */,
				F5223E1625502FE3008E079D /* AuthorsGetService.swift */,
			);
			path = NetworkServices;
			sourceTree = "<group>";
		};
		F5223E1225502EA7008E079D /* Models */ = {
			isa = PBXGroup;
			children = (
				F5223E1325502EBA008E079D /* ModelAuthor.swift */,
			);
			path = Models;
			sourceTree = "<group>";
		};
		F5223E19255076C1008E079D /* Views */ = {
			isa = PBXGroup;
			children = (
				F5223DF525502836008E079D /* ContentView.swift */,
				F5223E1A255076D9008E079D /* SearchBar.swift */,
			);
			path = Views;
			sourceTree = "<group>";
		};
		F5223E1E25507B64008E079D /* ElementsInterface */ = {
			isa = PBXGroup;
			children = (
				F5223E1F25507B82008E079D /* SearchBar.swift */,
			);
			path = ElementsInterface;
			sourceTree = "<group>";
		};
/* End PBXGroup section */

/* Begin PBXNativeTarget section */
		F5223DEF25502836008E079D /* TestApplication */ = {
			isa = PBXNativeTarget;
			buildConfigurationList = F5223DFF25502836008E079D /* Build configuration list for PBXNativeTarget "TestApplication" */;
			buildPhases = (
				F5223DEC25502836008E079D /* Sources */,
				F5223DED25502836008E079D /* Frameworks */,
				F5223DEE25502836008E079D /* Resources */,
			);
			buildRules = (
			);
			dependencies = (
			);
			name = TestApplication;
			productName = TestApplication;
			productReference = F5223DF025502836008E079D /* TestApplication.app */;
			productType = "com.apple.product-type.application";
		};
/* End PBXNativeTarget section */

/* Begin PBXProject section */
		F5223DE825502835008E079D /* Project object */ = {
			isa = PBXProject;
			attributes = {
				LastSwiftUpdateCheck = 1210;
				LastUpgradeCheck = 1210;
				TargetAttributes = {
					F5223DEF25502836008E079D = {
						CreatedOnToolsVersion = 12.1;
					};
				};
			};
			buildConfigurationList = F5223DEB25502835008E079D /* Build configuration list for PBXProject "TestApplication" */;
			compatibilityVersion = "Xcode 9.3";
			developmentRegion = en;
			hasScannedForEncodings = 0;
			knownRegions = (
				en,
				Base,
			);
			mainGroup = F5223DE725502835008E079D;
			productRefGroup = F5223DF125502836008E079D /* Products */;
			projectDirPath = "";
			projectRoot = "";
			targets = (
				F5223DEF25502836008E079D /* TestApplication */,
			);
		};
/* End PBXProject section */

/* Begin PBXResourcesBuildPhase section */
		F5223DEE25502836008E079D /* Resources */ = {
			isa = PBXResourcesBuildPhase;
			buildActionMask = 2147483647;
			files = (
				F5223DFB25502836008E079D /* Preview Assets.xcassets in Resources */,
				F5223DF825502836008E079D /* Assets.xcassets in Resources */,
			);
			runOnlyForDeploymentPostprocessing = 0;
		};
/* End PBXResourcesBuildPhase section */

/* Begin PBXSourcesBuildPhase section */
		F5223DEC25502836008E079D /* Sources */ = {
			isa = PBXSourcesBuildPhase;
			buildActionMask = 2147483647;
			files = (
				F5223E0C25502E75008E079D /* DataFetcher.swift in Sources */,
				F5223E0925502CB2008E079D /* NetworkDataFetcher.swift in Sources */,
				F5223DF625502836008E079D /* ContentView.swift in Sources */,
				F5223E0525502C9C008E079D /* NetworkService.swift in Sources */,
				F5223E1425502EBA008E079D /* ModelAuthor.swift in Sources */,
				F5223E2025507B82008E079D /* SearchBar.swift in Sources */,
				F5223E1B255076D9008E079D /* SearchBar.swift in Sources */,
				F5223E1725502FE3008E079D /* AuthorsGetService.swift in Sources */,
				F5223DF425502836008E079D /* TestApplicationApp.swift in Sources */,
			);
			runOnlyForDeploymentPostprocessing = 0;
		};
/* End PBXSourcesBuildPhase section */

/* Begin XCBuildConfiguration section */
		F5223DFD25502836008E079D /* Debug */ = {
			isa = XCBuildConfiguration;
			buildSettings = {
				ALWAYS_SEARCH_USER_PATHS = NO;
				CLANG_ANALYZER_NONNULL = YES;
				CLANG_ANALYZER_NUMBER_OBJECT_CONVERSION = YES_AGGRESSIVE;
				CLANG_CXX_LANGUAGE_STANDARD = "gnu++14";
				CLANG_CXX_LIBRARY = "libc++";
				CLANG_ENABLE_MODULES = YES;
				CLANG_ENABLE_OBJC_ARC = YES;
				CLANG_ENABLE_OBJC_WEAK = YES;
				CLANG_WARN_BLOCK_CAPTURE_AUTORELEASING = YES;
				CLANG_WARN_BOOL_CONVERSION = YES;
				CLANG_WARN_COMMA = YES;
				CLANG_WARN_CONSTANT_CONVERSION = YES;
				CLANG_WARN_DEPRECATED_OBJC_IMPLEMENTATIONS = YES;
				CLANG_WARN_DIRECT_OBJC_ISA_USAGE = YES_ERROR;
				CLANG_WARN_DOCUMENTATION_COMMENTS = YES;
				CLANG_WARN_EMPTY_BODY = YES;
				CLANG_WARN_ENUM_CONVERSION = YES;
				CLANG_WARN_INFINITE_RECURSION = YES;
				CLANG_WARN_INT_CONVERSION = YES;
				CLANG_WARN_NON_LITERAL_NULL_CONVERSION = YES;
				CLANG_WARN_OBJC_IMPLICIT_RETAIN_SELF = YES;
				CLANG_WARN_OBJC_LITERAL_CONVERSION = YES;
				CLANG_WARN_OBJC_ROOT_CLASS = YES_ERROR;
				CLANG_WARN_QUOTED_INCLUDE_IN_FRAMEWORK_HEADER = YES;
				CLANG_WARN_RANGE_LOOP_ANALYSIS = YES;
				CLANG_WARN_STRICT_PROTOTYPES = YES;
				CLANG_WARN_SUSPICIOUS_MOVE = YES;
				CLANG_WARN_UNGUARDED_AVAILABILITY = YES_AGGRESSIVE;
				CLANG_WARN_UNREACHABLE_CODE = YES;
				CLANG_WARN__DUPLICATE_METHOD_MATCH = YES;
				COPY_PHASE_STRIP = NO;
				DEBUG_INFORMATION_FORMAT = dwarf;
				ENABLE_STRICT_OBJC_MSGSEND = YES;
				ENABLE_TESTABILITY = YES;
				GCC_C_LANGUAGE_STANDARD = gnu11;
				GCC_DYNAMIC_NO_PIC = NO;
				GCC_NO_COMMON_BLOCKS = YES;
				GCC_OPTIMIZATION_LEVEL = 0;
				GCC_PREPROCESSOR_DEFINITIONS = (
					"DEBUG=1",
					"$(inherited)",
				);
				GCC_WARN_64_TO_32_BIT_CONVERSION = YES;
				GCC_WARN_ABOUT_RETURN_TYPE = YES_ERROR;
				GCC_WARN_UNDECLARED_SELECTOR = YES;
				GCC_WARN_UNINITIALIZED_AUTOS = YES_AGGRESSIVE;
				GCC_WARN_UNUSED_FUNCTION = YES;
				GCC_WARN_UNUSED_VARIABLE = YES;
				IPHONEOS_DEPLOYMENT_TARGET = 14.1;
				MTL_ENABLE_DEBUG_INFO = INCLUDE_SOURCE;
				MTL_FAST_MATH = YES;
				ONLY_ACTIVE_ARCH = YES;
				SDKROOT = iphoneos;
				SWIFT_ACTIVE_COMPILATION_CONDITIONS = DEBUG;
				SWIFT_OPTIMIZATION_LEVEL = "-Onone";
			};
			name = Debug;
		};
		F5223DFE25502836008E079D /* Release */ = {
			isa = XCBuildConfiguration;
			buildSettings = {
				ALWAYS_SEARCH_USER_PATHS = NO;
				CLANG_ANALYZER_NONNULL = YES;
				CLANG_ANALYZER_NUMBER_OBJECT_CONVERSION = YES_AGGRESSIVE;
				CLANG_CXX_LANGUAGE_STANDARD = "gnu++14";
				CLANG_CXX_LIBRARY = "libc++";
				CLANG_ENABLE_MODULES = YES;
				CLANG_ENABLE_OBJC_ARC = YES;
				CLANG_ENABLE_OBJC_WEAK = YES;
				CLANG_WARN_BLOCK_CAPTURE_AUTORELEASING = YES;
				CLANG_WARN_BOOL_CONVERSION = YES;
				CLANG_WARN_COMMA = YES;
				CLANG_WARN_CONSTANT_CONVERSION = YES;
				CLANG_WARN_DEPRECATED_OBJC_IMPLEMENTATIONS = YES;
				CLANG_WARN_DIRECT_OBJC_ISA_USAGE = YES_ERROR;
				CLANG_WARN_DOCUMENTATION_COMMENTS = YES;
				CLANG_WARN_EMPTY_BODY = YES;
				CLANG_WARN_ENUM_CONVERSION = YES;
				CLANG_WARN_INFINITE_RECURSION = YES;
				CLANG_WARN_INT_CONVERSION = YES;
				CLANG_WARN_NON_LITERAL_NULL_CONVERSION = YES;
				CLANG_WARN_OBJC_IMPLICIT_RETAIN_SELF = YES;
				CLANG_WARN_OBJC_LITERAL_CONVERSION = YES;
				CLANG_WARN_OBJC_ROOT_CLASS = YES_ERROR;
				CLANG_WARN_QUOTED_INCLUDE_IN_FRAMEWORK_HEADER = YES;
				CLANG_WARN_RANGE_LOOP_ANALYSIS = YES;
				CLANG_WARN_STRICT_PROTOTYPES = YES;
				CLANG_WARN_SUSPICIOUS_MOVE = YES;
				CLANG_WARN_UNGUARDED_AVAILABILITY = YES_AGGRESSIVE;
				CLANG_WARN_UNREACHABLE_CODE = YES;
				CLANG_WARN__DUPLICATE_METHOD_MATCH = YES;
				COPY_PHASE_STRIP = NO;
				DEBUG_INFORMATION_FORMAT = "dwarf-with-dsym";
				ENABLE_NS_ASSERTIONS = NO;
				ENABLE_STRICT_OBJC_MSGSEND = YES;
				GCC_C_LANGUAGE_STANDARD = gnu11;
				GCC_NO_COMMON_BLOCKS = YES;
				GCC_WARN_64_TO_32_BIT_CONVERSION = YES;
				GCC_WARN_ABOUT_RETURN_TYPE = YES_ERROR;
				GCC_WARN_UNDECLARED_SELECTOR = YES;
				GCC_WARN_UNINITIALIZED_AUTOS = YES_AGGRESSIVE;
				GCC_WARN_UNUSED_FUNCTION = YES;
				GCC_WARN_UNUSED_VARIABLE = YES;
				IPHONEOS_DEPLOYMENT_TARGET = 14.1;
				MTL_ENABLE_DEBUG_INFO = NO;
				MTL_FAST_MATH = YES;
				SDKROOT = iphoneos;
				SWIFT_COMPILATION_MODE = wholemodule;
				SWIFT_OPTIMIZATION_LEVEL = "-O";
				VALIDATE_PRODUCT = YES;
			};
			name = Release;
		};
		F5223E0025502836008E079D /* Debug */ = {
			isa = XCBuildConfiguration;
			buildSettings = {
				ASSETCATALOG_COMPILER_APPICON_NAME = AppIcon;
				ASSETCATALOG_COMPILER_GLOBAL_ACCENT_COLOR_NAME = AccentColor;
				CODE_SIGN_STYLE = Automatic;
				DEVELOPMENT_ASSET_PATHS = "\"TestApplication/Preview Content\"";
				DEVELOPMENT_TEAM = P87Y98S683;
				ENABLE_PREVIEWS = YES;
				INFOPLIST_FILE = TestApplication/Info.plist;
				IPHONEOS_DEPLOYMENT_TARGET = 14.0;
				LD_RUNPATH_SEARCH_PATHS = (
					"$(inherited)",
					"@executable_path/Frameworks",
				);
				PRODUCT_BUNDLE_IDENTIFIER = UmbrellaCorp.TestApplication;
				PRODUCT_NAME = "$(TARGET_NAME)";
				SWIFT_VERSION = 5.0;
				TARGETED_DEVICE_FAMILY = "1,2";
			};
			name = Debug;
		};
		F5223E0125502836008E079D /* Release */ = {
			isa = XCBuildConfiguration;
			buildSettings = {
				ASSETCATALOG_COMPILER_APPICON_NAME = AppIcon;
				ASSETCATALOG_COMPILER_GLOBAL_ACCENT_COLOR_NAME = AccentColor;
				CODE_SIGN_STYLE = Automatic;
				DEVELOPMENT_ASSET_PATHS = "\"TestApplication/Preview Content\"";
				DEVELOPMENT_TEAM = P87Y98S683;
				ENABLE_PREVIEWS = YES;
				INFOPLIST_FILE = TestApplication/Info.plist;
				IPHONEOS_DEPLOYMENT_TARGET = 14.0;
				LD_RUNPATH_SEARCH_PATHS = (
					"$(inherited)",
					"@executable_path/Frameworks",
				);
				PRODUCT_BUNDLE_IDENTIFIER = UmbrellaCorp.TestApplication;
				PRODUCT_NAME = "$(TARGET_NAME)";
				SWIFT_VERSION = 5.0;
				TARGETED_DEVICE_FAMILY = "1,2";
			};
			name = Release;
		};
/* End XCBuildConfiguration section */

/* Begin XCConfigurationList section */
		F5223DEB25502835008E079D /* Build configuration list for PBXProject "TestApplication" */ = {
			isa = XCConfigurationList;
			buildConfigurations = (
				F5223DFD25502836008E079D /* Debug */,
				F5223DFE25502836008E079D /* Release */,
			);
			defaultConfigurationIsVisible = 0;
			defaultConfigurationName = Release;
		};
		F5223DFF25502836008E079D /* Build configuration list for PBXNativeTarget "TestApplication" */ = {
			isa = XCConfigurationList;
			buildConfigurations = (
				F5223E0025502836008E079D /* Debug */,
				F5223E0125502836008E079D /* Release */,
			);
			defaultConfigurationIsVisible = 0;
			defaultConfigurationName = Release;
		};
/* End XCConfigurationList section */
	};
	rootObject = F5223DE825502835008E079D /* Project object */;
}
